# This file was autogenerated by Stack.
# You should not edit this file by hand.
# For more information, please see the documentation at:
#   https://docs.haskellstack.org/en/stable/lock_files

packages:
- completed:
    hackage: hie-bios-0.7.1@sha256:27b88c6f541e435a41e0c37f94fa286e78eb0065a151a1c599662e6cd0b88c80,11260
    pantry-tree:
      size: 11225
      sha256: 0c7a447f9918b78ef2cce61a6a1623e4181d8cda4afa4a4f6c029ac7c0109414
  original:
    hackage: hie-bios-0.7.1@sha256:27b88c6f541e435a41e0c37f94fa286e78eb0065a151a1c599662e6cd0b88c80,11260
- completed:
    hackage: hie-compat-0.1.0.0@sha256:bf4c51730a9ffce50fd73a0e14d21d22720fa3cbe38fd5e4761fdce576d781ee,1339
    pantry-tree:
      size: 1037
      sha256: 9acfd8a63fae2927cbb46fa2302cf1fd478186bdba2f4e5189c0f6a2e61fe4f8
  original:
    hackage: hie-compat-0.1.0.0@sha256:bf4c51730a9ffce50fd73a0e14d21d22720fa3cbe38fd5e4761fdce576d781ee,1339
- completed:
    hackage: implicit-hie-cradle-0.2.0.1@sha256:c6892ef9c16ba1e19f497a119c039a5845f46b93dd67538f37d4c002b222d4c1,2568
    pantry-tree:
      size: 381
      sha256: ef4edb736e4cbd03706ce5e0e1d1970c8b4c7f6c38a672dc86b4606e8ffc6adb
  original:
    hackage: implicit-hie-cradle-0.2.0.1@sha256:c6892ef9c16ba1e19f497a119c039a5845f46b93dd67538f37d4c002b222d4c1,2568
- completed:
    hackage: lsp-test-0.11.0.7@sha256:cf73607c226bfeb06f00a5d4d20cd2329c931f6b4b2b278836005c369f046de4,4376
    pantry-tree:
      size: 1132
      sha256: 9d1fd212e0a4695bcc9877cc87962746ab5929c1f3d4ad283716da4b997795d0
  original:
    hackage: lsp-test-0.11.0.7@sha256:cf73607c226bfeb06f00a5d4d20cd2329c931f6b4b2b278836005c369f046de4,4376
- completed:
    hackage: implicit-hie-0.1.2.4@sha256:963fcc1b1136ccfd814bc7182bcb841cc51db18b38f5d45860195aed0ca94ab6,2998
    pantry-tree:
      size: 844
      sha256: 25ca5d85e30d0a5a7a1f34420848ab163221b53198dbf2e54090f5ae9050d5b1
  original:
    hackage: implicit-hie-0.1.2.4@sha256:963fcc1b1136ccfd814bc7182bcb841cc51db18b38f5d45860195aed0ca94ab6,2998
snapshots:
- completed:
    size: 532835
    url: https://raw.githubusercontent.com/commercialhaskell/stackage-snapshots/master/lts/16/24.yaml
    sha256: cf2b52420b2262fe9cf0f6744929120131abd6675b1c3fb2d8b155a47f80d103
  original: lts-16.24
